
Microsoft Visual Studio Solution File, Format Version 12.00
# Visual Studio Version 16
VisualStudioVersion = 16.0.31410.357
MinimumVisualStudioVersion = 10.0.40219.1
Project("{FAE04EC0-301F-11D3-BF4B-00C04F79EFBC}") = "CALC", "CALC\CALC.csproj", "{2F95C460-8433-40B2-86EA-34F96AADA6BA}"
EndProject
Global
	GlobalSection(SolutionConfigurationPlatforms) = preSolution
		Debug|Any CPU = Debug|Any CPU
		Release|Any CPU = Release|Any CPU
	EndGlobalSection
	GlobalSection(ProjectConfigurationPlatforms) = postSolution
		{2F95C460-8433-40B2-86EA-34F96AADA6BA}.Debug|Any CPU.ActiveCfg = Debug|Any CPU
		{2F95C460-8433-40B2-86EA-34F96AADA6BA}.Debug|Any CPU.Build.0 = Debug|Any CPU
		{2F95C460-8433-40B2-86EA-34F96AADA6BA}.Release|Any CPU.ActiveCfg = Release|Any CPU
		{2F95C460-8433-40B2-86EA-34F96AADA6BA}.Release|Any CPU.Build.0 = Release|Any CPU
	EndGlobalSection
	GlobalSection(SolutionProperties) = preSolution
		HideSolutionNode = FALSE
	EndGlobalSection
	GlobalSection(ExtensibilityGlobals) = postSolution
		SolutionGuid = {FAAB6E15-336E-4938-83F3-E895B5F3F86F}
	EndGlobalSection
EndGlobal
