
Microsoft Visual Studio Solution File, Format Version 12.00
# Visual Studio Version 16
VisualStudioVersion = 16.0.31410.357
MinimumVisualStudioVersion = 10.0.40219.1
Project("{FAE04EC0-301F-11D3-BF4B-00C04F79EFBC}") = "ConsoleApp25", "ConsoleApp25\ConsoleApp25.csproj", "{051B0D53-2F96-443C-920E-114FFA5EF1E3}"
EndProject
Global
	GlobalSection(SolutionConfigurationPlatforms) = preSolution
		Debug|Any CPU = Debug|Any CPU
		Release|Any CPU = Release|Any CPU
	EndGlobalSection
	GlobalSection(ProjectConfigurationPlatforms) = postSolution
		{051B0D53-2F96-443C-920E-114FFA5EF1E3}.Debug|Any CPU.ActiveCfg = Debug|Any CPU
		{051B0D53-2F96-443C-920E-114FFA5EF1E3}.Debug|Any CPU.Build.0 = Debug|Any CPU
		{051B0D53-2F96-443C-920E-114FFA5EF1E3}.Release|Any CPU.ActiveCfg = Release|Any CPU
		{051B0D53-2F96-443C-920E-114FFA5EF1E3}.Release|Any CPU.Build.0 = Release|Any CPU
	EndGlobalSection
	GlobalSection(SolutionProperties) = preSolution
		HideSolutionNode = FALSE
	EndGlobalSection
	GlobalSection(ExtensibilityGlobals) = postSolution
		SolutionGuid = {9D8CF5A2-9290-44A0-9723-405AA8A2436F}
	EndGlobalSection
EndGlobal
