
Microsoft Visual Studio Solution File, Format Version 12.00
# Visual Studio Version 16
VisualStudioVersion = 16.0.31410.357
MinimumVisualStudioVersion = 10.0.40219.1
Project("{9A19103F-16F7-4668-BE54-9A1E7A4F7556}") = "ClassWork", "ClassWork\ClassWork.csproj", "{1EE1B671-FA0A-493C-B556-44F1B6624A85}"
EndProject
Project("{FAE04EC0-301F-11D3-BF4B-00C04F79EFBC}") = "ClassLibrary", "ClassLibrary\ClassLibrary.csproj", "{6F782D77-A2ED-47B0-AE54-8252C9DC3797}"
EndProject
Global
	GlobalSection(SolutionConfigurationPlatforms) = preSolution
		Debug|Any CPU = Debug|Any CPU
		Release|Any CPU = Release|Any CPU
	EndGlobalSection
	GlobalSection(ProjectConfigurationPlatforms) = postSolution
		{1EE1B671-FA0A-493C-B556-44F1B6624A85}.Debug|Any CPU.ActiveCfg = Debug|Any CPU
		{1EE1B671-FA0A-493C-B556-44F1B6624A85}.Debug|Any CPU.Build.0 = Debug|Any CPU
		{1EE1B671-FA0A-493C-B556-44F1B6624A85}.Release|Any CPU.ActiveCfg = Release|Any CPU
		{1EE1B671-FA0A-493C-B556-44F1B6624A85}.Release|Any CPU.Build.0 = Release|Any CPU
		{6F782D77-A2ED-47B0-AE54-8252C9DC3797}.Debug|Any CPU.ActiveCfg = Debug|Any CPU
		{6F782D77-A2ED-47B0-AE54-8252C9DC3797}.Debug|Any CPU.Build.0 = Debug|Any CPU
		{6F782D77-A2ED-47B0-AE54-8252C9DC3797}.Release|Any CPU.ActiveCfg = Release|Any CPU
		{6F782D77-A2ED-47B0-AE54-8252C9DC3797}.Release|Any CPU.Build.0 = Release|Any CPU
	EndGlobalSection
	GlobalSection(SolutionProperties) = preSolution
		HideSolutionNode = FALSE
	EndGlobalSection
	GlobalSection(ExtensibilityGlobals) = postSolution
		SolutionGuid = {81FA01D1-881C-419D-8DC2-8749486906AD}
	EndGlobalSection
EndGlobal
